
Microsoft Visual Studio Solution File, Format Version 12.00
# Visual Studio 15
VisualStudioVersion = 15.0.28307.168
MinimumVisualStudioVersion = 10.0.40219.1
Project("{FAE04EC0-301F-11D3-BF4B-00C04F79EFBC}") = "StrategyPatternExample", "StrategyPatternExample\StrategyPatternExample.csproj", "{1B1A6971-5934-40F1-9900-E3E1AD678F26}"
EndProject
Global
	GlobalSection(SolutionConfigurationPlatforms) = preSolution
		Debug|Any CPU = Debug|Any CPU
		Release|Any CPU = Release|Any CPU
	EndGlobalSection
	GlobalSection(ProjectConfigurationPlatforms) = postSolution
		{1B1A6971-5934-40F1-9900-E3E1AD678F26}.Debug|Any CPU.ActiveCfg = Debug|Any CPU
		{1B1A6971-5934-40F1-9900-E3E1AD678F26}.Debug|Any CPU.Build.0 = Debug|Any CPU
		{1B1A6971-5934-40F1-9900-E3E1AD678F26}.Release|Any CPU.ActiveCfg = Release|Any CPU
		{1B1A6971-5934-40F1-9900-E3E1AD678F26}.Release|Any CPU.Build.0 = Release|Any CPU
	EndGlobalSection
	GlobalSection(SolutionProperties) = preSolution
		HideSolutionNode = FALSE
	EndGlobalSection
	GlobalSection(ExtensibilityGlobals) = postSolution
		SolutionGuid = {82149587-87A6-4733-81BA-73582C227CFD}
	EndGlobalSection
EndGlobal
